
Microsoft Visual Studio Solution File, Format Version 12.00
# Visual Studio Version 17
VisualStudioVersion = 17.6.33829.357
MinimumVisualStudioVersion = 10.0.40219.1
Project("{FAE04EC0-301F-11D3-BF4B-00C04F79EFBC}") = "OszkarUrban_zap_prog", "OszkarUrban_zap_prog.csproj", "{8EB673E2-DA97-4747-9C4C-BE222ED3D1B6}"
EndProject
Global
	GlobalSection(SolutionConfigurationPlatforms) = preSolution
		Debug|Any CPU = Debug|Any CPU
		Release|Any CPU = Release|Any CPU
	EndGlobalSection
	GlobalSection(ProjectConfigurationPlatforms) = postSolution
		{8EB673E2-DA97-4747-9C4C-BE222ED3D1B6}.Debug|Any CPU.ActiveCfg = Debug|Any CPU
		{8EB673E2-DA97-4747-9C4C-BE222ED3D1B6}.Debug|Any CPU.Build.0 = Debug|Any CPU
		{8EB673E2-DA97-4747-9C4C-BE222ED3D1B6}.Release|Any CPU.ActiveCfg = Release|Any CPU
		{8EB673E2-DA97-4747-9C4C-BE222ED3D1B6}.Release|Any CPU.Build.0 = Release|Any CPU
	EndGlobalSection
	GlobalSection(SolutionProperties) = preSolution
		HideSolutionNode = FALSE
	EndGlobalSection
	GlobalSection(ExtensibilityGlobals) = postSolution
		SolutionGuid = {690CA321-4B51-4E78-8DB5-03DECF9A54E8}
	EndGlobalSection
EndGlobal
